{
  "name": "waterline",
  "version": "3.7.0",
  "dependencies": {
    "async": {
      "version": "0.9.0"
    },
    "bluebird": {
      "version": "2.9.24"
    },
    "deep-diff": {
      "version": "0.1.7"
    },
    "lodash": {
      "version": "2.4.1"
    },
    "lusitania": {
      "version": "2.2.0",
      "resolved": "git+https://github.com/Shyp/lusitania.git#98ca16abd38c9b6b861b13667693c9058b41545c",
      "dependencies": {
        "validator": {
          "version": "3.22.2"
        }
      }
    },
    "node-switchback": {
      "version": "0.1.2"
    },
    "waterline-criteria": {
      "version": "0.11.1",
      "dependencies": {
        "include-all": {
          "version": "0.1.6",
          "dependencies": {
            "underscore.string": {
              "version": "2.3.1"
            }
          }
        }
      }
    },
    "waterline-schema": {
      "version": "0.2.0",
      "resolved": "git://github.com/Shyp/waterline-schema.git#d1a33deea5fe67bff40934e962f4aff4d11b671a"
    },
    "debug": {
      "version": "2.2.0",
      "dependencies": {
        "ms": {
          "version": "0.7.1"
        }
      }
    }
  }
}
